
Microsoft Visual Studio Solution File, Format Version 12.00
# Visual Studio Version 17
VisualStudioVersion = 17.7.34031.279
MinimumVisualStudioVersion = 10.0.40219.1
Project("{FAE04EC0-301F-11D3-BF4B-00C04F79EFBC}") = "ForumApp", "ForumApp\ForumApp.csproj", "{AA0359C1-AA9E-4482-89ED-290A37ECF69D}"
EndProject
Project("{FAE04EC0-301F-11D3-BF4B-00C04F79EFBC}") = "Forum.Data", "Forum.Data\Forum.Data.csproj", "{E476AEA4-AAEC-4C40-BAD8-20C5D1AA2DC0}"
EndProject
Project("{FAE04EC0-301F-11D3-BF4B-00C04F79EFBC}") = "Forum.Data.Models", "Forum.Data.Models\Forum.Data.Models.csproj", "{4B3AE860-3790-4217-B604-AB6F0CF73B0F}"
EndProject
Global
	GlobalSection(SolutionConfigurationPlatforms) = preSolution
		Debug|Any CPU = Debug|Any CPU
		Release|Any CPU = Release|Any CPU
	EndGlobalSection
	GlobalSection(ProjectConfigurationPlatforms) = postSolution
		{AA0359C1-AA9E-4482-89ED-290A37ECF69D}.Debug|Any CPU.ActiveCfg = Debug|Any CPU
		{AA0359C1-AA9E-4482-89ED-290A37ECF69D}.Debug|Any CPU.Build.0 = Debug|Any CPU
		{AA0359C1-AA9E-4482-89ED-290A37ECF69D}.Release|Any CPU.ActiveCfg = Release|Any CPU
		{AA0359C1-AA9E-4482-89ED-290A37ECF69D}.Release|Any CPU.Build.0 = Release|Any CPU
		{E476AEA4-AAEC-4C40-BAD8-20C5D1AA2DC0}.Debug|Any CPU.ActiveCfg = Debug|Any CPU
		{E476AEA4-AAEC-4C40-BAD8-20C5D1AA2DC0}.Debug|Any CPU.Build.0 = Debug|Any CPU
		{E476AEA4-AAEC-4C40-BAD8-20C5D1AA2DC0}.Release|Any CPU.ActiveCfg = Release|Any CPU
		{E476AEA4-AAEC-4C40-BAD8-20C5D1AA2DC0}.Release|Any CPU.Build.0 = Release|Any CPU
		{4B3AE860-3790-4217-B604-AB6F0CF73B0F}.Debug|Any CPU.ActiveCfg = Debug|Any CPU
		{4B3AE860-3790-4217-B604-AB6F0CF73B0F}.Debug|Any CPU.Build.0 = Debug|Any CPU
		{4B3AE860-3790-4217-B604-AB6F0CF73B0F}.Release|Any CPU.ActiveCfg = Release|Any CPU
		{4B3AE860-3790-4217-B604-AB6F0CF73B0F}.Release|Any CPU.Build.0 = Release|Any CPU
	EndGlobalSection
	GlobalSection(SolutionProperties) = preSolution
		HideSolutionNode = FALSE
	EndGlobalSection
	GlobalSection(ExtensibilityGlobals) = postSolution
		SolutionGuid = {DAB9258A-6501-439C-9226-E2F451C29CA4}
	EndGlobalSection
EndGlobal
